
Microsoft Visual Studio Solution File, Format Version 12.00
# Visual Studio Version 17
VisualStudioVersion = 17.0.32112.339
MinimumVisualStudioVersion = 10.0.40219.1
Project("{2150E333-8FDC-42A3-9474-1A3956D46DE8}") = "task1", "task1", "{4CF9A17C-B054-4D16-8536-D0065041F36A}"
EndProject
Project("{8BC9CEB8-8B4A-11D0-8D11-00A0C91BC942}") = "task1", "task1\task1.vcxproj", "{7B0A6B7C-651D-4CD7-A84A-19BA5399BBC6}"
EndProject
Project("{2150E333-8FDC-42A3-9474-1A3956D46DE8}") = "task2", "task2", "{8BFAEB48-A0DF-407C-A812-A078731632BF}"
EndProject
Project("{2150E333-8FDC-42A3-9474-1A3956D46DE8}") = "task3", "task3", "{B05888AC-BC4E-4D04-8E85-266C18050B41}"
EndProject
Project("{2150E333-8FDC-42A3-9474-1A3956D46DE8}") = "task4", "task4", "{6D1F8920-3C9C-4A2C-B649-DAC3025D7CA7}"
EndProject
Project("{8BC9CEB8-8B4A-11D0-8D11-00A0C91BC942}") = "task2", "task2\task2.vcxproj", "{2C73B4C6-37F2-4073-80D3-03CC41353D80}"
EndProject
Project("{8BC9CEB8-8B4A-11D0-8D11-00A0C91BC942}") = "task3", "task3\task3.vcxproj", "{8F608A30-6E85-4CA5-86DA-8C033E5537F1}"
EndProject
Project("{2150E333-8FDC-42A3-9474-1A3956D46DE8}") = "Git Logo", "Git Logo", "{7863C743-A420-4CF0-A72C-9732314DD4B7}"
EndProject
Project("{8BC9CEB8-8B4A-11D0-8D11-00A0C91BC942}") = "Git Logo", "Git Logo\Git Logo.vcxproj", "{3855D16B-63F5-4F70-8490-5E93F0869770}"
EndProject
Global
	GlobalSection(SolutionConfigurationPlatforms) = preSolution
		Debug|x64 = Debug|x64
		Debug|x86 = Debug|x86
		Release|x64 = Release|x64
		Release|x86 = Release|x86
	EndGlobalSection
	GlobalSection(ProjectConfigurationPlatforms) = postSolution
		{7B0A6B7C-651D-4CD7-A84A-19BA5399BBC6}.Debug|x64.ActiveCfg = Debug|x64
		{7B0A6B7C-651D-4CD7-A84A-19BA5399BBC6}.Debug|x64.Build.0 = Debug|x64
		{7B0A6B7C-651D-4CD7-A84A-19BA5399BBC6}.Debug|x86.ActiveCfg = Debug|Win32
		{7B0A6B7C-651D-4CD7-A84A-19BA5399BBC6}.Debug|x86.Build.0 = Debug|Win32
		{7B0A6B7C-651D-4CD7-A84A-19BA5399BBC6}.Release|x64.ActiveCfg = Release|x64
		{7B0A6B7C-651D-4CD7-A84A-19BA5399BBC6}.Release|x64.Build.0 = Release|x64
		{7B0A6B7C-651D-4CD7-A84A-19BA5399BBC6}.Release|x86.ActiveCfg = Release|Win32
		{7B0A6B7C-651D-4CD7-A84A-19BA5399BBC6}.Release|x86.Build.0 = Release|Win32
		{2C73B4C6-37F2-4073-80D3-03CC41353D80}.Debug|x64.ActiveCfg = Debug|x64
		{2C73B4C6-37F2-4073-80D3-03CC41353D80}.Debug|x64.Build.0 = Debug|x64
		{2C73B4C6-37F2-4073-80D3-03CC41353D80}.Debug|x86.ActiveCfg = Debug|Win32
		{2C73B4C6-37F2-4073-80D3-03CC41353D80}.Debug|x86.Build.0 = Debug|Win32
		{2C73B4C6-37F2-4073-80D3-03CC41353D80}.Release|x64.ActiveCfg = Release|x64
		{2C73B4C6-37F2-4073-80D3-03CC41353D80}.Release|x64.Build.0 = Release|x64
		{2C73B4C6-37F2-4073-80D3-03CC41353D80}.Release|x86.ActiveCfg = Release|Win32
		{2C73B4C6-37F2-4073-80D3-03CC41353D80}.Release|x86.Build.0 = Release|Win32
		{8F608A30-6E85-4CA5-86DA-8C033E5537F1}.Debug|x64.ActiveCfg = Debug|x64
		{8F608A30-6E85-4CA5-86DA-8C033E5537F1}.Debug|x64.Build.0 = Debug|x64
		{8F608A30-6E85-4CA5-86DA-8C033E5537F1}.Debug|x86.ActiveCfg = Debug|Win32
		{8F608A30-6E85-4CA5-86DA-8C033E5537F1}.Debug|x86.Build.0 = Debug|Win32
		{8F608A30-6E85-4CA5-86DA-8C033E5537F1}.Release|x64.ActiveCfg = Release|x64
		{8F608A30-6E85-4CA5-86DA-8C033E5537F1}.Release|x64.Build.0 = Release|x64
		{8F608A30-6E85-4CA5-86DA-8C033E5537F1}.Release|x86.ActiveCfg = Release|Win32
		{8F608A30-6E85-4CA5-86DA-8C033E5537F1}.Release|x86.Build.0 = Release|Win32
		{3855D16B-63F5-4F70-8490-5E93F0869770}.Debug|x64.ActiveCfg = Debug|x64
		{3855D16B-63F5-4F70-8490-5E93F0869770}.Debug|x64.Build.0 = Debug|x64
		{3855D16B-63F5-4F70-8490-5E93F0869770}.Debug|x86.ActiveCfg = Debug|Win32
		{3855D16B-63F5-4F70-8490-5E93F0869770}.Debug|x86.Build.0 = Debug|Win32
		{3855D16B-63F5-4F70-8490-5E93F0869770}.Release|x64.ActiveCfg = Release|x64
		{3855D16B-63F5-4F70-8490-5E93F0869770}.Release|x64.Build.0 = Release|x64
		{3855D16B-63F5-4F70-8490-5E93F0869770}.Release|x86.ActiveCfg = Release|Win32
		{3855D16B-63F5-4F70-8490-5E93F0869770}.Release|x86.Build.0 = Release|Win32
	EndGlobalSection
	GlobalSection(SolutionProperties) = preSolution
		HideSolutionNode = FALSE
	EndGlobalSection
	GlobalSection(NestedProjects) = preSolution
		{7B0A6B7C-651D-4CD7-A84A-19BA5399BBC6} = {4CF9A17C-B054-4D16-8536-D0065041F36A}
		{2C73B4C6-37F2-4073-80D3-03CC41353D80} = {8BFAEB48-A0DF-407C-A812-A078731632BF}
		{8F608A30-6E85-4CA5-86DA-8C033E5537F1} = {B05888AC-BC4E-4D04-8E85-266C18050B41}
		{3855D16B-63F5-4F70-8490-5E93F0869770} = {7863C743-A420-4CF0-A72C-9732314DD4B7}
	EndGlobalSection
	GlobalSection(ExtensibilityGlobals) = postSolution
		SolutionGuid = {A2AC912A-711D-46A5-A9B7-C637D35E012A}
	EndGlobalSection
EndGlobal
